
Microsoft Visual Studio Solution File, Format Version 12.00
# Visual Studio Version 17
VisualStudioVersion = 17.12.35527.113 d17.12
MinimumVisualStudioVersion = 10.0.40219.1
Project("{FAE04EC0-301F-11D3-BF4B-00C04F79EFBC}") = "RetailAPI", "RetailAPI\RetailAPI.csproj", "{4FB12EB2-76BF-493B-BB8B-E8D683165033}"
EndProject
Project("{FAE04EC0-301F-11D3-BF4B-00C04F79EFBC}") = "Model", "Model\Model.csproj", "{31BD75FE-7175-4EC8-BF7D-BDEA8A804B0B}"
EndProject
Project("{FAE04EC0-301F-11D3-BF4B-00C04F79EFBC}") = "Repository", "Repository\Repository.csproj", "{4F161AF0-9168-480E-A44F-E7BC1D62DEEC}"
EndProject
Project("{FAE04EC0-301F-11D3-BF4B-00C04F79EFBC}") = "BAL", "BAL\BAL.csproj", "{E045D2A7-1E92-40E6-8615-9EAA6C3E4EE8}"
EndProject
Global
	GlobalSection(SolutionConfigurationPlatforms) = preSolution
		Debug|Any CPU = Debug|Any CPU
		Release|Any CPU = Release|Any CPU
	EndGlobalSection
	GlobalSection(ProjectConfigurationPlatforms) = postSolution
		{4FB12EB2-76BF-493B-BB8B-E8D683165033}.Debug|Any CPU.ActiveCfg = Debug|Any CPU
		{4FB12EB2-76BF-493B-BB8B-E8D683165033}.Debug|Any CPU.Build.0 = Debug|Any CPU
		{4FB12EB2-76BF-493B-BB8B-E8D683165033}.Release|Any CPU.ActiveCfg = Release|Any CPU
		{4FB12EB2-76BF-493B-BB8B-E8D683165033}.Release|Any CPU.Build.0 = Release|Any CPU
		{31BD75FE-7175-4EC8-BF7D-BDEA8A804B0B}.Debug|Any CPU.ActiveCfg = Debug|Any CPU
		{31BD75FE-7175-4EC8-BF7D-BDEA8A804B0B}.Debug|Any CPU.Build.0 = Debug|Any CPU
		{31BD75FE-7175-4EC8-BF7D-BDEA8A804B0B}.Release|Any CPU.ActiveCfg = Release|Any CPU
		{31BD75FE-7175-4EC8-BF7D-BDEA8A804B0B}.Release|Any CPU.Build.0 = Release|Any CPU
		{4F161AF0-9168-480E-A44F-E7BC1D62DEEC}.Debug|Any CPU.ActiveCfg = Debug|Any CPU
		{4F161AF0-9168-480E-A44F-E7BC1D62DEEC}.Debug|Any CPU.Build.0 = Debug|Any CPU
		{4F161AF0-9168-480E-A44F-E7BC1D62DEEC}.Release|Any CPU.ActiveCfg = Release|Any CPU
		{4F161AF0-9168-480E-A44F-E7BC1D62DEEC}.Release|Any CPU.Build.0 = Release|Any CPU
		{E045D2A7-1E92-40E6-8615-9EAA6C3E4EE8}.Debug|Any CPU.ActiveCfg = Debug|Any CPU
		{E045D2A7-1E92-40E6-8615-9EAA6C3E4EE8}.Debug|Any CPU.Build.0 = Debug|Any CPU
		{E045D2A7-1E92-40E6-8615-9EAA6C3E4EE8}.Release|Any CPU.ActiveCfg = Release|Any CPU
		{E045D2A7-1E92-40E6-8615-9EAA6C3E4EE8}.Release|Any CPU.Build.0 = Release|Any CPU
	EndGlobalSection
	GlobalSection(SolutionProperties) = preSolution
		HideSolutionNode = FALSE
	EndGlobalSection
EndGlobal
